
Microsoft Visual Studio Solution File, Format Version 12.00
# Visual Studio Version 17
VisualStudioVersion = 17.8.34330.188
MinimumVisualStudioVersion = 10.0.40219.1
Project("{FAE04EC0-301F-11D3-BF4B-00C04F79EFBC}") = "FriendsWPF", "FriendsWPF.csproj", "{19C74121-4FFB-48FA-8B6C-DD909EAA7728}"
EndProject
Global
	GlobalSection(SolutionConfigurationPlatforms) = preSolution
		Debug|Any CPU = Debug|Any CPU
		Release|Any CPU = Release|Any CPU
	EndGlobalSection
	GlobalSection(ProjectConfigurationPlatforms) = postSolution
		{19C74121-4FFB-48FA-8B6C-DD909EAA7728}.Debug|Any CPU.ActiveCfg = Debug|Any CPU
		{19C74121-4FFB-48FA-8B6C-DD909EAA7728}.Debug|Any CPU.Build.0 = Debug|Any CPU
		{19C74121-4FFB-48FA-8B6C-DD909EAA7728}.Release|Any CPU.ActiveCfg = Release|Any CPU
		{19C74121-4FFB-48FA-8B6C-DD909EAA7728}.Release|Any CPU.Build.0 = Release|Any CPU
	EndGlobalSection
	GlobalSection(SolutionProperties) = preSolution
		HideSolutionNode = FALSE
	EndGlobalSection
	GlobalSection(ExtensibilityGlobals) = postSolution
		SolutionGuid = {B60736AB-D8FF-4CAD-AAE6-E44CAB23A172}
	EndGlobalSection
EndGlobal
